{
  "version": 4,
  "terraform_version": "1.12.1",
  "serial": 522,
  "lineage": "b7db8375-57e2-62c7-5944-7c8880267261",
  "outputs": {},
  "resources": [
    {
      "mode": "managed",
      "type": "azurerm_availability_set",
      "name": "nginx_avset",
      "provider": "provider[\"registry.terraform.io/hashicorp/azurerm\"]",
      "instances": [
        {
          "schema_version": 0,
          "attributes": {
            "id": "/subscriptions/720fcde7-a58d-4185-803c-4e3e52f0fe4b/resourceGroups/rg-nginx-setup/providers/Microsoft.Compute/availabilitySets/nginx-avset",
            "location": "eastus",
            "managed": true,
            "name": "nginx-avset",
            "platform_fault_domain_count": 2,
            "platform_update_domain_count": 2,
            "proximity_placement_group_id": null,
            "resource_group_name": "rg-nginx-setup",
            "tags": null,
            "timeouts": null
          },
          "sensitive_attributes": [],
          "identity_schema_version": 0,
          "private": "eyJlMmJmYjczMC1lY2FhLTExZTYtOGY4OC0zNDM2M2JjN2M0YzAiOnsiY3JlYXRlIjoxODAwMDAwMDAwMDAwLCJkZWxldGUiOjE4MDAwMDAwMDAwMDAsInJlYWQiOjMwMDAwMDAwMDAwMCwidXBkYXRlIjoxODAwMDAwMDAwMDAwfX0=",
          "dependencies": [
            "azurerm_resource_group.rg"
          ]
        }
      ]
    },
    {
      "mode": "managed",
      "type": "azurerm_lb",
      "name": "nginx_lb",
      "provider": "provider[\"registry.terraform.io/hashicorp/azurerm\"]",
      "instances": [
        {
          "schema_version": 0,
          "attributes": {
            "edge_zone": "",
            "frontend_ip_configuration": [
              {
                "gateway_load_balancer_frontend_ip_configuration_id": "",
                "id": "/subscriptions/720fcde7-a58d-4185-803c-4e3e52f0fe4b/resourceGroups/rg-nginx-setup/providers/Microsoft.Network/loadBalancers/lb-nginx/frontendIPConfigurations/frontendConfig",
                "inbound_nat_rules": [],
                "load_balancer_rules": [],
                "name": "frontendConfig",
                "outbound_rules": [],
                "private_ip_address": "",
                "private_ip_address_allocation": "Dynamic",
                "private_ip_address_version": "",
                "public_ip_address_id": "/subscriptions/720fcde7-a58d-4185-803c-4e3e52f0fe4b/resourceGroups/rg-nginx-setup/providers/Microsoft.Network/publicIPAddresses/lb-public-ip",
                "public_ip_prefix_id": "",
                "subnet_id": "",
                "zones": null
              }
            ],
            "id": "/subscriptions/720fcde7-a58d-4185-803c-4e3e52f0fe4b/resourceGroups/rg-nginx-setup/providers/Microsoft.Network/loadBalancers/lb-nginx",
            "location": "eastus",
            "name": "lb-nginx",
            "private_ip_address": "",
            "private_ip_addresses": [],
            "resource_group_name": "rg-nginx-setup",
            "sku": "Basic",
            "sku_tier": "Regional",
            "tags": null,
            "timeouts": null
          },
          "sensitive_attributes": [],
          "identity_schema_version": 0,
          "private": "eyJlMmJmYjczMC1lY2FhLTExZTYtOGY4OC0zNDM2M2JjN2M0YzAiOnsiY3JlYXRlIjoxODAwMDAwMDAwMDAwLCJkZWxldGUiOjE4MDAwMDAwMDAwMDAsInJlYWQiOjMwMDAwMDAwMDAwMCwidXBkYXRlIjoxODAwMDAwMDAwMDAwfX0=",
          "dependencies": [
            "azurerm_public_ip.lb_public_ip",
            "azurerm_resource_group.rg"
          ]
        }
      ]
    },
    {
      "mode": "managed",
      "type": "azurerm_lb_backend_address_pool",
      "name": "backend_pool",
      "provider": "provider[\"registry.terraform.io/hashicorp/azurerm\"]",
      "instances": [
        {
          "schema_version": 0,
          "attributes": {
            "backend_ip_configurations": [],
            "id": "/subscriptions/720fcde7-a58d-4185-803c-4e3e52f0fe4b/resourceGroups/rg-nginx-setup/providers/Microsoft.Network/loadBalancers/lb-nginx/backendAddressPools/backend-pool",
            "inbound_nat_rules": [],
            "load_balancing_rules": [],
            "loadbalancer_id": "/subscriptions/720fcde7-a58d-4185-803c-4e3e52f0fe4b/resourceGroups/rg-nginx-setup/providers/Microsoft.Network/loadBalancers/lb-nginx",
            "name": "backend-pool",
            "outbound_rules": [],
            "synchronous_mode": "",
            "timeouts": null,
            "tunnel_interface": [],
            "virtual_network_id": ""
          },
          "sensitive_attributes": [],
          "identity_schema_version": 0,
          "private": "eyJlMmJmYjczMC1lY2FhLTExZTYtOGY4OC0zNDM2M2JjN2M0YzAiOnsiY3JlYXRlIjoxODAwMDAwMDAwMDAwLCJkZWxldGUiOjE4MDAwMDAwMDAwMDAsInJlYWQiOjMwMDAwMDAwMDAwMCwidXBkYXRlIjoxODAwMDAwMDAwMDAwfX0=",
          "dependencies": [
            "azurerm_lb.nginx_lb",
            "azurerm_public_ip.lb_public_ip",
            "azurerm_resource_group.rg"
          ]
        }
      ]
    },
    {
      "mode": "managed",
      "type": "azurerm_lb_nat_rule",
      "name": "ssh_nat_rule_vm0",
      "provider": "provider[\"registry.terraform.io/hashicorp/azurerm\"]",
      "instances": [
        {
          "schema_version": 0,
          "attributes": {
            "backend_address_pool_id": null,
            "backend_ip_configuration_id": "",
            "backend_port": 22,
            "enable_floating_ip": false,
            "enable_tcp_reset": false,
            "frontend_ip_configuration_id": "/subscriptions/720fcde7-a58d-4185-803c-4e3e52f0fe4b/resourceGroups/rg-nginx-setup/providers/Microsoft.Network/loadBalancers/lb-nginx/frontendIPConfigurations/frontendConfig",
            "frontend_ip_configuration_name": "frontendConfig",
            "frontend_port": 5001,
            "frontend_port_end": 0,
            "frontend_port_start": 0,
            "id": "/subscriptions/720fcde7-a58d-4185-803c-4e3e52f0fe4b/resourceGroups/rg-nginx-setup/providers/Microsoft.Network/loadBalancers/lb-nginx/inboundNatRules/ssh-nat-vm0",
            "idle_timeout_in_minutes": 4,
            "loadbalancer_id": "/subscriptions/720fcde7-a58d-4185-803c-4e3e52f0fe4b/resourceGroups/rg-nginx-setup/providers/Microsoft.Network/loadBalancers/lb-nginx",
            "name": "ssh-nat-vm0",
            "protocol": "Tcp",
            "resource_group_name": "rg-nginx-setup",
            "timeouts": null
          },
          "sensitive_attributes": [],
          "identity_schema_version": 0,
          "private": "eyJlMmJmYjczMC1lY2FhLTExZTYtOGY4OC0zNDM2M2JjN2M0YzAiOnsiY3JlYXRlIjoxODAwMDAwMDAwMDAwLCJkZWxldGUiOjE4MDAwMDAwMDAwMDAsInJlYWQiOjMwMDAwMDAwMDAwMCwidXBkYXRlIjoxODAwMDAwMDAwMDAwfX0=",
          "dependencies": [
            "azurerm_lb.nginx_lb",
            "azurerm_public_ip.lb_public_ip",
            "azurerm_resource_group.rg"
          ]
        }
      ]
    },
    {
      "mode": "managed",
      "type": "azurerm_lb_nat_rule",
      "name": "ssh_nat_rule_vm1",
      "provider": "provider[\"registry.terraform.io/hashicorp/azurerm\"]",
      "instances": [
        {
          "schema_version": 0,
          "attributes": {
            "backend_address_pool_id": null,
            "backend_ip_configuration_id": "",
            "backend_port": 22,
            "enable_floating_ip": false,
            "enable_tcp_reset": false,
            "frontend_ip_configuration_id": "/subscriptions/720fcde7-a58d-4185-803c-4e3e52f0fe4b/resourceGroups/rg-nginx-setup/providers/Microsoft.Network/loadBalancers/lb-nginx/frontendIPConfigurations/frontendConfig",
            "frontend_ip_configuration_name": "frontendConfig",
            "frontend_port": 5002,
            "frontend_port_end": 0,
            "frontend_port_start": 0,
            "id": "/subscriptions/720fcde7-a58d-4185-803c-4e3e52f0fe4b/resourceGroups/rg-nginx-setup/providers/Microsoft.Network/loadBalancers/lb-nginx/inboundNatRules/ssh-nat-vm1",
            "idle_timeout_in_minutes": 4,
            "loadbalancer_id": "/subscriptions/720fcde7-a58d-4185-803c-4e3e52f0fe4b/resourceGroups/rg-nginx-setup/providers/Microsoft.Network/loadBalancers/lb-nginx",
            "name": "ssh-nat-vm1",
            "protocol": "Tcp",
            "resource_group_name": "rg-nginx-setup",
            "timeouts": null
          },
          "sensitive_attributes": [],
          "identity_schema_version": 0,
          "private": "eyJlMmJmYjczMC1lY2FhLTExZTYtOGY4OC0zNDM2M2JjN2M0YzAiOnsiY3JlYXRlIjoxODAwMDAwMDAwMDAwLCJkZWxldGUiOjE4MDAwMDAwMDAwMDAsInJlYWQiOjMwMDAwMDAwMDAwMCwidXBkYXRlIjoxODAwMDAwMDAwMDAwfX0=",
          "dependencies": [
            "azurerm_lb.nginx_lb",
            "azurerm_public_ip.lb_public_ip",
            "azurerm_resource_group.rg"
          ]
        }
      ]
    },
    {
      "mode": "managed",
      "type": "azurerm_lb_probe",
      "name": "http_probe",
      "provider": "provider[\"registry.terraform.io/hashicorp/azurerm\"]",
      "instances": [
        {
          "schema_version": 0,
          "attributes": {
            "id": "/subscriptions/720fcde7-a58d-4185-803c-4e3e52f0fe4b/resourceGroups/rg-nginx-setup/providers/Microsoft.Network/loadBalancers/lb-nginx/probes/http-probe",
            "interval_in_seconds": 15,
            "load_balancer_rules": [],
            "loadbalancer_id": "/subscriptions/720fcde7-a58d-4185-803c-4e3e52f0fe4b/resourceGroups/rg-nginx-setup/providers/Microsoft.Network/loadBalancers/lb-nginx",
            "name": "http-probe",
            "number_of_probes": 2,
            "port": 80,
            "probe_threshold": 1,
            "protocol": "Http",
            "request_path": "/",
            "timeouts": null
          },
          "sensitive_attributes": [],
          "identity_schema_version": 0,
          "private": "eyJlMmJmYjczMC1lY2FhLTExZTYtOGY4OC0zNDM2M2JjN2M0YzAiOnsiY3JlYXRlIjoxODAwMDAwMDAwMDAwLCJkZWxldGUiOjE4MDAwMDAwMDAwMDAsInJlYWQiOjMwMDAwMDAwMDAwMCwidXBkYXRlIjoxODAwMDAwMDAwMDAwfX0=",
          "dependencies": [
            "azurerm_lb.nginx_lb",
            "azurerm_public_ip.lb_public_ip",
            "azurerm_resource_group.rg"
          ]
        }
      ]
    },
    {
      "mode": "managed",
      "type": "azurerm_lb_probe",
      "name": "https_probe",
      "provider": "provider[\"registry.terraform.io/hashicorp/azurerm\"]",
      "instances": [
        {
          "schema_version": 0,
          "attributes": {
            "id": "/subscriptions/720fcde7-a58d-4185-803c-4e3e52f0fe4b/resourceGroups/rg-nginx-setup/providers/Microsoft.Network/loadBalancers/lb-nginx/probes/https-probe",
            "interval_in_seconds": 15,
            "load_balancer_rules": [],
            "loadbalancer_id": "/subscriptions/720fcde7-a58d-4185-803c-4e3e52f0fe4b/resourceGroups/rg-nginx-setup/providers/Microsoft.Network/loadBalancers/lb-nginx",
            "name": "https-probe",
            "number_of_probes": 2,
            "port": 443,
            "probe_threshold": 1,
            "protocol": "Tcp",
            "request_path": "",
            "timeouts": null
          },
          "sensitive_attributes": [],
          "identity_schema_version": 0,
          "private": "eyJlMmJmYjczMC1lY2FhLTExZTYtOGY4OC0zNDM2M2JjN2M0YzAiOnsiY3JlYXRlIjoxODAwMDAwMDAwMDAwLCJkZWxldGUiOjE4MDAwMDAwMDAwMDAsInJlYWQiOjMwMDAwMDAwMDAwMCwidXBkYXRlIjoxODAwMDAwMDAwMDAwfX0=",
          "dependencies": [
            "azurerm_lb.nginx_lb",
            "azurerm_public_ip.lb_public_ip",
            "azurerm_resource_group.rg"
          ]
        }
      ]
    },
    {
      "mode": "managed",
      "type": "azurerm_lb_rule",
      "name": "http_rule",
      "provider": "provider[\"registry.terraform.io/hashicorp/azurerm\"]",
      "instances": [
        {
          "schema_version": 0,
          "attributes": {
            "backend_address_pool_ids": [
              "/subscriptions/720fcde7-a58d-4185-803c-4e3e52f0fe4b/resourceGroups/rg-nginx-setup/providers/Microsoft.Network/loadBalancers/lb-nginx/backendAddressPools/backend-pool"
            ],
            "backend_port": 80,
            "disable_outbound_snat": false,
            "enable_floating_ip": false,
            "enable_tcp_reset": false,
            "frontend_ip_configuration_id": "/subscriptions/720fcde7-a58d-4185-803c-4e3e52f0fe4b/resourceGroups/rg-nginx-setup/providers/Microsoft.Network/loadBalancers/lb-nginx/frontendIPConfigurations/frontendConfig",
            "frontend_ip_configuration_name": "frontendConfig",
            "frontend_port": 80,
            "id": "/subscriptions/720fcde7-a58d-4185-803c-4e3e52f0fe4b/resourceGroups/rg-nginx-setup/providers/Microsoft.Network/loadBalancers/lb-nginx/loadBalancingRules/http-rule",
            "idle_timeout_in_minutes": 4,
            "load_distribution": "Default",
            "loadbalancer_id": "/subscriptions/720fcde7-a58d-4185-803c-4e3e52f0fe4b/resourceGroups/rg-nginx-setup/providers/Microsoft.Network/loadBalancers/lb-nginx",
            "name": "http-rule",
            "probe_id": "/subscriptions/720fcde7-a58d-4185-803c-4e3e52f0fe4b/resourceGroups/rg-nginx-setup/providers/Microsoft.Network/loadBalancers/lb-nginx/probes/http-probe",
            "protocol": "Tcp",
            "timeouts": null
          },
          "sensitive_attributes": [],
          "identity_schema_version": 0,
          "private": "eyJlMmJmYjczMC1lY2FhLTExZTYtOGY4OC0zNDM2M2JjN2M0YzAiOnsiY3JlYXRlIjoxODAwMDAwMDAwMDAwLCJkZWxldGUiOjE4MDAwMDAwMDAwMDAsInJlYWQiOjMwMDAwMDAwMDAwMCwidXBkYXRlIjoxODAwMDAwMDAwMDAwfX0=",
          "dependencies": [
            "azurerm_lb.nginx_lb",
            "azurerm_lb_backend_address_pool.backend_pool",
            "azurerm_lb_probe.http_probe",
            "azurerm_public_ip.lb_public_ip",
            "azurerm_resource_group.rg"
          ]
        }
      ]
    },
    {
      "mode": "managed",
      "type": "azurerm_lb_rule",
      "name": "https_rule",
      "provider": "provider[\"registry.terraform.io/hashicorp/azurerm\"]",
      "instances": [
        {
          "schema_version": 0,
          "attributes": {
            "backend_address_pool_ids": [
              "/subscriptions/720fcde7-a58d-4185-803c-4e3e52f0fe4b/resourceGroups/rg-nginx-setup/providers/Microsoft.Network/loadBalancers/lb-nginx/backendAddressPools/backend-pool"
            ],
            "backend_port": 443,
            "disable_outbound_snat": false,
            "enable_floating_ip": false,
            "enable_tcp_reset": false,
            "frontend_ip_configuration_id": "/subscriptions/720fcde7-a58d-4185-803c-4e3e52f0fe4b/resourceGroups/rg-nginx-setup/providers/Microsoft.Network/loadBalancers/lb-nginx/frontendIPConfigurations/frontendConfig",
            "frontend_ip_configuration_name": "frontendConfig",
            "frontend_port": 443,
            "id": "/subscriptions/720fcde7-a58d-4185-803c-4e3e52f0fe4b/resourceGroups/rg-nginx-setup/providers/Microsoft.Network/loadBalancers/lb-nginx/loadBalancingRules/https-rule",
            "idle_timeout_in_minutes": 4,
            "load_distribution": "Default",
            "loadbalancer_id": "/subscriptions/720fcde7-a58d-4185-803c-4e3e52f0fe4b/resourceGroups/rg-nginx-setup/providers/Microsoft.Network/loadBalancers/lb-nginx",
            "name": "https-rule",
            "probe_id": "/subscriptions/720fcde7-a58d-4185-803c-4e3e52f0fe4b/resourceGroups/rg-nginx-setup/providers/Microsoft.Network/loadBalancers/lb-nginx/probes/https-probe",
            "protocol": "Tcp",
            "timeouts": null
          },
          "sensitive_attributes": [],
          "identity_schema_version": 0,
          "private": "eyJlMmJmYjczMC1lY2FhLTExZTYtOGY4OC0zNDM2M2JjN2M0YzAiOnsiY3JlYXRlIjoxODAwMDAwMDAwMDAwLCJkZWxldGUiOjE4MDAwMDAwMDAwMDAsInJlYWQiOjMwMDAwMDAwMDAwMCwidXBkYXRlIjoxODAwMDAwMDAwMDAwfX0=",
          "dependencies": [
            "azurerm_lb.nginx_lb",
            "azurerm_lb_backend_address_pool.backend_pool",
            "azurerm_lb_probe.https_probe",
            "azurerm_public_ip.lb_public_ip",
            "azurerm_resource_group.rg"
          ]
        }
      ]
    },
    {
      "mode": "managed",
      "type": "azurerm_linux_virtual_machine",
      "name": "nginx_vm",
      "provider": "provider[\"registry.terraform.io/hashicorp/azurerm\"]",
      "instances": [
        {
          "index_key": 0,
          "schema_version": 0,
          "attributes": {
            "additional_capabilities": [],
            "admin_password": null,
            "admin_ssh_key": [
              {
                "public_key": "ssh-rsa AAAAB3NzaC1yc2EAAAADAQABAAACAQC8iI7q7iFTlIBCFpvnnyFwOD2K9TByPM+J+msc6zdssij1l2X+BDHQhos6yMNsCu+2PLEnHB6a3dNUTWAI/jvJw1xA23SHV7iDfi0OWf9vhFYtslOnZjHpUBI150kDMuZFlnWAzRFVo1nGaR/iPHN5U2D1bhVC53vCJoWBdokX4lG/YT59sOpf2pKcmv9/GhkVSsiZ4TP9Y967p/7Ofexb9vzIBz0Tuqtbm55XNklbpLbnz3fsvAQth6reRvQgfuaJzlZBLujwggf9DDFxiHOAgcIFdgDyHC3IC4U5yIRzsXkHnN/sXZjbseCaYUy/7asTI5V2Qgo+fPZl3CLFADbXIKYC6yroHteHqEviWwSEtIPCl1UljHUn2JogEzMsDGisjXvc6Orqagmz0TdeMZOmkLYRULuZFqsfx9zDuVmwh9DR+1pbHRffdOadGHmk75bRkPFxYQ5KCxToySLIKfnV/9gdXzi7nUqxgWZjSEO9alw5C1O3PwtYLUWkQqHej3Fy/4+KoOXUIVKvz7VgNHIdC06mRb4mMq7c/IbEvwan0Mc/BDaV7hMtLmbpZ/kJnLJuhOOnKU35eROuiIOIPQtJFJl7kh9yTs2Ya2tnQla0keaZAHC2F0sHWY0wqoglpHyuL+PNKcHtThL4BywYpMV1GNiZJMSql34V9wTSEHQJHw== ldg4mez@fedora\n",
                "username": "azureuser"
              }
            ],
            "admin_username": "azureuser",
            "allow_extension_operations": true,
            "availability_set_id": "/subscriptions/720fcde7-a58d-4185-803c-4e3e52f0fe4b/resourceGroups/rg-nginx-setup/providers/Microsoft.Compute/availabilitySets/NGINX-AVSET",
            "boot_diagnostics": [],
            "bypass_platform_safety_checks_on_user_schedule_enabled": false,
            "capacity_reservation_group_id": "",
            "computer_name": "vm-nginx-0",
            "custom_data": null,
            "dedicated_host_group_id": "",
            "dedicated_host_id": "",
            "disable_password_authentication": true,
            "disk_controller_type": "SCSI",
            "edge_zone": "",
            "encryption_at_host_enabled": false,
            "eviction_policy": "",
            "extensions_time_budget": "PT1H30M",
            "gallery_application": [],
            "id": "/subscriptions/720fcde7-a58d-4185-803c-4e3e52f0fe4b/resourceGroups/rg-nginx-setup/providers/Microsoft.Compute/virtualMachines/vm-nginx-0",
            "identity": [],
            "license_type": "",
            "location": "eastus",
            "max_bid_price": -1,
            "name": "vm-nginx-0",
            "network_interface_ids": [
              "/subscriptions/720fcde7-a58d-4185-803c-4e3e52f0fe4b/resourceGroups/rg-nginx-setup/providers/Microsoft.Network/networkInterfaces/nic-nginx-0"
            ],
            "os_disk": [
              {
                "caching": "ReadWrite",
                "diff_disk_settings": [],
                "disk_encryption_set_id": "",
                "disk_size_gb": 30,
                "name": "vm-nginx-0_OsDisk_1_bc0e765b67494bb4982284c084581181",
                "secure_vm_disk_encryption_set_id": "",
                "security_encryption_type": "",
                "storage_account_type": "Standard_LRS",
                "write_accelerator_enabled": false
              }
            ],
            "os_image_notification": [],
            "patch_assessment_mode": "ImageDefault",
            "patch_mode": "ImageDefault",
            "plan": [],
            "platform_fault_domain": -1,
            "priority": "Regular",
            "private_ip_address": "10.0.1.4",
            "private_ip_addresses": [
              "10.0.1.4"
            ],
            "provision_vm_agent": true,
            "proximity_placement_group_id": "",
            "public_ip_address": "",
            "public_ip_addresses": [],
            "reboot_setting": "",
            "resource_group_name": "rg-nginx-setup",
            "secret": [],
            "secure_boot_enabled": false,
            "size": "Standard_B1ms",
            "source_image_id": "",
            "source_image_reference": [
              {
                "offer": "0001-com-ubuntu-server-jammy",
                "publisher": "Canonical",
                "sku": "22_04-lts-gen2",
                "version": "latest"
              }
            ],
            "tags": null,
            "termination_notification": null,
            "timeouts": null,
            "user_data": "",
            "virtual_machine_id": "fbff5821-0a73-4e95-a573-0f652c66b9cb",
            "virtual_machine_scale_set_id": "",
            "vm_agent_platform_updates_enabled": false,
            "vtpm_enabled": false,
            "zone": ""
          },
          "sensitive_attributes": [
            [
              {
                "type": "get_attr",
                "value": "admin_password"
              }
            ],
            [
              {
                "type": "get_attr",
                "value": "custom_data"
              }
            ]
          ],
          "identity_schema_version": 0,
          "private": "eyJlMmJmYjczMC1lY2FhLTExZTYtOGY4OC0zNDM2M2JjN2M0YzAiOnsiY3JlYXRlIjoyNzAwMDAwMDAwMDAwLCJkZWxldGUiOjI3MDAwMDAwMDAwMDAsInJlYWQiOjMwMDAwMDAwMDAwMCwidXBkYXRlIjoyNzAwMDAwMDAwMDAwfX0=",
          "dependencies": [
            "azurerm_availability_set.nginx_avset",
            "azurerm_network_interface.nic",
            "azurerm_resource_group.rg",
            "azurerm_subnet.subnet",
            "azurerm_virtual_network.vnet"
          ]
        },
        {
          "index_key": 1,
          "schema_version": 0,
          "attributes": {
            "additional_capabilities": [],
            "admin_password": null,
            "admin_ssh_key": [
              {
                "public_key": "ssh-rsa AAAAB3NzaC1yc2EAAAADAQABAAACAQC8iI7q7iFTlIBCFpvnnyFwOD2K9TByPM+J+msc6zdssij1l2X+BDHQhos6yMNsCu+2PLEnHB6a3dNUTWAI/jvJw1xA23SHV7iDfi0OWf9vhFYtslOnZjHpUBI150kDMuZFlnWAzRFVo1nGaR/iPHN5U2D1bhVC53vCJoWBdokX4lG/YT59sOpf2pKcmv9/GhkVSsiZ4TP9Y967p/7Ofexb9vzIBz0Tuqtbm55XNklbpLbnz3fsvAQth6reRvQgfuaJzlZBLujwggf9DDFxiHOAgcIFdgDyHC3IC4U5yIRzsXkHnN/sXZjbseCaYUy/7asTI5V2Qgo+fPZl3CLFADbXIKYC6yroHteHqEviWwSEtIPCl1UljHUn2JogEzMsDGisjXvc6Orqagmz0TdeMZOmkLYRULuZFqsfx9zDuVmwh9DR+1pbHRffdOadGHmk75bRkPFxYQ5KCxToySLIKfnV/9gdXzi7nUqxgWZjSEO9alw5C1O3PwtYLUWkQqHej3Fy/4+KoOXUIVKvz7VgNHIdC06mRb4mMq7c/IbEvwan0Mc/BDaV7hMtLmbpZ/kJnLJuhOOnKU35eROuiIOIPQtJFJl7kh9yTs2Ya2tnQla0keaZAHC2F0sHWY0wqoglpHyuL+PNKcHtThL4BywYpMV1GNiZJMSql34V9wTSEHQJHw== ldg4mez@fedora\n",
                "username": "azureuser"
              }
            ],
            "admin_username": "azureuser",
            "allow_extension_operations": true,
            "availability_set_id": "/subscriptions/720fcde7-a58d-4185-803c-4e3e52f0fe4b/resourceGroups/rg-nginx-setup/providers/Microsoft.Compute/availabilitySets/NGINX-AVSET",
            "boot_diagnostics": [],
            "bypass_platform_safety_checks_on_user_schedule_enabled": false,
            "capacity_reservation_group_id": "",
            "computer_name": "vm-nginx-1",
            "custom_data": null,
            "dedicated_host_group_id": "",
            "dedicated_host_id": "",
            "disable_password_authentication": true,
            "disk_controller_type": "SCSI",
            "edge_zone": "",
            "encryption_at_host_enabled": false,
            "eviction_policy": "",
            "extensions_time_budget": "PT1H30M",
            "gallery_application": [],
            "id": "/subscriptions/720fcde7-a58d-4185-803c-4e3e52f0fe4b/resourceGroups/rg-nginx-setup/providers/Microsoft.Compute/virtualMachines/vm-nginx-1",
            "identity": [],
            "license_type": "",
            "location": "eastus",
            "max_bid_price": -1,
            "name": "vm-nginx-1",
            "network_interface_ids": [
              "/subscriptions/720fcde7-a58d-4185-803c-4e3e52f0fe4b/resourceGroups/rg-nginx-setup/providers/Microsoft.Network/networkInterfaces/nic-nginx-1"
            ],
            "os_disk": [
              {
                "caching": "ReadWrite",
                "diff_disk_settings": [],
                "disk_encryption_set_id": "",
                "disk_size_gb": 30,
                "name": "vm-nginx-1_OsDisk_1_32a94b99b5db4430ac7878e8beea7f00",
                "secure_vm_disk_encryption_set_id": "",
                "security_encryption_type": "",
                "storage_account_type": "Standard_LRS",
                "write_accelerator_enabled": false
              }
            ],
            "os_image_notification": [],
            "patch_assessment_mode": "ImageDefault",
            "patch_mode": "ImageDefault",
            "plan": [],
            "platform_fault_domain": -1,
            "priority": "Regular",
            "private_ip_address": "10.0.1.5",
            "private_ip_addresses": [
              "10.0.1.5"
            ],
            "provision_vm_agent": true,
            "proximity_placement_group_id": "",
            "public_ip_address": "",
            "public_ip_addresses": [],
            "reboot_setting": "",
            "resource_group_name": "rg-nginx-setup",
            "secret": [],
            "secure_boot_enabled": false,
            "size": "Standard_B1ms",
            "source_image_id": "",
            "source_image_reference": [
              {
                "offer": "0001-com-ubuntu-server-jammy",
                "publisher": "Canonical",
                "sku": "22_04-lts-gen2",
                "version": "latest"
              }
            ],
            "tags": null,
            "termination_notification": null,
            "timeouts": null,
            "user_data": "",
            "virtual_machine_id": "c0cbf728-0683-402b-b3f0-52672146024c",
            "virtual_machine_scale_set_id": "",
            "vm_agent_platform_updates_enabled": false,
            "vtpm_enabled": false,
            "zone": ""
          },
          "sensitive_attributes": [
            [
              {
                "type": "get_attr",
                "value": "admin_password"
              }
            ],
            [
              {
                "type": "get_attr",
                "value": "custom_data"
              }
            ]
          ],
          "identity_schema_version": 0,
          "private": "eyJlMmJmYjczMC1lY2FhLTExZTYtOGY4OC0zNDM2M2JjN2M0YzAiOnsiY3JlYXRlIjoyNzAwMDAwMDAwMDAwLCJkZWxldGUiOjI3MDAwMDAwMDAwMDAsInJlYWQiOjMwMDAwMDAwMDAwMCwidXBkYXRlIjoyNzAwMDAwMDAwMDAwfX0=",
          "dependencies": [
            "azurerm_availability_set.nginx_avset",
            "azurerm_network_interface.nic",
            "azurerm_resource_group.rg",
            "azurerm_subnet.subnet",
            "azurerm_virtual_network.vnet"
          ]
        }
      ]
    },
    {
      "mode": "managed",
      "type": "azurerm_network_interface",
      "name": "nic",
      "provider": "provider[\"registry.terraform.io/hashicorp/azurerm\"]",
      "instances": [
        {
          "index_key": 0,
          "schema_version": 0,
          "attributes": {
            "accelerated_networking_enabled": false,
            "applied_dns_servers": [],
            "auxiliary_mode": "",
            "auxiliary_sku": "",
            "dns_servers": [],
            "edge_zone": "",
            "enable_accelerated_networking": false,
            "enable_ip_forwarding": false,
            "id": "/subscriptions/720fcde7-a58d-4185-803c-4e3e52f0fe4b/resourceGroups/rg-nginx-setup/providers/Microsoft.Network/networkInterfaces/nic-nginx-0",
            "internal_dns_name_label": "",
            "internal_domain_name_suffix": "zvthga4kay0edhzitoeghh0l0c.bx.internal.cloudapp.net",
            "ip_configuration": [
              {
                "gateway_load_balancer_frontend_ip_configuration_id": "",
                "name": "ipconfig1",
                "primary": true,
                "private_ip_address": "10.0.1.4",
                "private_ip_address_allocation": "Dynamic",
                "private_ip_address_version": "IPv4",
                "public_ip_address_id": "",
                "subnet_id": "/subscriptions/720fcde7-a58d-4185-803c-4e3e52f0fe4b/resourceGroups/rg-nginx-setup/providers/Microsoft.Network/virtualNetworks/vnet-nginx/subnets/subnet-nginx"
              }
            ],
            "ip_forwarding_enabled": false,
            "location": "eastus",
            "mac_address": "",
            "name": "nic-nginx-0",
            "private_ip_address": "10.0.1.4",
            "private_ip_addresses": [
              "10.0.1.4"
            ],
            "resource_group_name": "rg-nginx-setup",
            "tags": null,
            "timeouts": null,
            "virtual_machine_id": ""
          },
          "sensitive_attributes": [],
          "identity_schema_version": 0,
          "private": "eyJlMmJmYjczMC1lY2FhLTExZTYtOGY4OC0zNDM2M2JjN2M0YzAiOnsiY3JlYXRlIjoxODAwMDAwMDAwMDAwLCJkZWxldGUiOjE4MDAwMDAwMDAwMDAsInJlYWQiOjMwMDAwMDAwMDAwMCwidXBkYXRlIjoxODAwMDAwMDAwMDAwfX0=",
          "dependencies": [
            "azurerm_resource_group.rg",
            "azurerm_subnet.subnet",
            "azurerm_virtual_network.vnet"
          ]
        },
        {
          "index_key": 1,
          "schema_version": 0,
          "attributes": {
            "accelerated_networking_enabled": false,
            "applied_dns_servers": [],
            "auxiliary_mode": "",
            "auxiliary_sku": "",
            "dns_servers": [],
            "edge_zone": "",
            "enable_accelerated_networking": false,
            "enable_ip_forwarding": false,
            "id": "/subscriptions/720fcde7-a58d-4185-803c-4e3e52f0fe4b/resourceGroups/rg-nginx-setup/providers/Microsoft.Network/networkInterfaces/nic-nginx-1",
            "internal_dns_name_label": "",
            "internal_domain_name_suffix": "zvthga4kay0edhzitoeghh0l0c.bx.internal.cloudapp.net",
            "ip_configuration": [
              {
                "gateway_load_balancer_frontend_ip_configuration_id": "",
                "name": "ipconfig1",
                "primary": true,
                "private_ip_address": "10.0.1.5",
                "private_ip_address_allocation": "Dynamic",
                "private_ip_address_version": "IPv4",
                "public_ip_address_id": "",
                "subnet_id": "/subscriptions/720fcde7-a58d-4185-803c-4e3e52f0fe4b/resourceGroups/rg-nginx-setup/providers/Microsoft.Network/virtualNetworks/vnet-nginx/subnets/subnet-nginx"
              }
            ],
            "ip_forwarding_enabled": false,
            "location": "eastus",
            "mac_address": "",
            "name": "nic-nginx-1",
            "private_ip_address": "10.0.1.5",
            "private_ip_addresses": [
              "10.0.1.5"
            ],
            "resource_group_name": "rg-nginx-setup",
            "tags": null,
            "timeouts": null,
            "virtual_machine_id": ""
          },
          "sensitive_attributes": [],
          "identity_schema_version": 0,
          "private": "eyJlMmJmYjczMC1lY2FhLTExZTYtOGY4OC0zNDM2M2JjN2M0YzAiOnsiY3JlYXRlIjoxODAwMDAwMDAwMDAwLCJkZWxldGUiOjE4MDAwMDAwMDAwMDAsInJlYWQiOjMwMDAwMDAwMDAwMCwidXBkYXRlIjoxODAwMDAwMDAwMDAwfX0=",
          "dependencies": [
            "azurerm_resource_group.rg",
            "azurerm_subnet.subnet",
            "azurerm_virtual_network.vnet"
          ]
        }
      ]
    },
    {
      "mode": "managed",
      "type": "azurerm_network_interface_backend_address_pool_association",
      "name": "nic_assoc",
      "provider": "provider[\"registry.terraform.io/hashicorp/azurerm\"]",
      "instances": [
        {
          "index_key": 0,
          "schema_version": 0,
          "attributes": {
            "backend_address_pool_id": "/subscriptions/720fcde7-a58d-4185-803c-4e3e52f0fe4b/resourceGroups/rg-nginx-setup/providers/Microsoft.Network/loadBalancers/lb-nginx/backendAddressPools/backend-pool",
            "id": "/subscriptions/720fcde7-a58d-4185-803c-4e3e52f0fe4b/resourceGroups/rg-nginx-setup/providers/Microsoft.Network/networkInterfaces/nic-nginx-0/ipConfigurations/ipconfig1|/subscriptions/720fcde7-a58d-4185-803c-4e3e52f0fe4b/resourceGroups/rg-nginx-setup/providers/Microsoft.Network/loadBalancers/lb-nginx/backendAddressPools/backend-pool",
            "ip_configuration_name": "ipconfig1",
            "network_interface_id": "/subscriptions/720fcde7-a58d-4185-803c-4e3e52f0fe4b/resourceGroups/rg-nginx-setup/providers/Microsoft.Network/networkInterfaces/nic-nginx-0",
            "timeouts": null
          },
          "sensitive_attributes": [],
          "identity_schema_version": 0,
          "private": "eyJlMmJmYjczMC1lY2FhLTExZTYtOGY4OC0zNDM2M2JjN2M0YzAiOnsiY3JlYXRlIjoxODAwMDAwMDAwMDAwLCJkZWxldGUiOjE4MDAwMDAwMDAwMDAsInJlYWQiOjMwMDAwMDAwMDAwMH19",
          "dependencies": [
            "azurerm_lb.nginx_lb",
            "azurerm_lb_backend_address_pool.backend_pool",
            "azurerm_network_interface.nic",
            "azurerm_public_ip.lb_public_ip",
            "azurerm_resource_group.rg",
            "azurerm_subnet.subnet",
            "azurerm_virtual_network.vnet"
          ]
        },
        {
          "index_key": 1,
          "schema_version": 0,
          "attributes": {
            "backend_address_pool_id": "/subscriptions/720fcde7-a58d-4185-803c-4e3e52f0fe4b/resourceGroups/rg-nginx-setup/providers/Microsoft.Network/loadBalancers/lb-nginx/backendAddressPools/backend-pool",
            "id": "/subscriptions/720fcde7-a58d-4185-803c-4e3e52f0fe4b/resourceGroups/rg-nginx-setup/providers/Microsoft.Network/networkInterfaces/nic-nginx-1/ipConfigurations/ipconfig1|/subscriptions/720fcde7-a58d-4185-803c-4e3e52f0fe4b/resourceGroups/rg-nginx-setup/providers/Microsoft.Network/loadBalancers/lb-nginx/backendAddressPools/backend-pool",
            "ip_configuration_name": "ipconfig1",
            "network_interface_id": "/subscriptions/720fcde7-a58d-4185-803c-4e3e52f0fe4b/resourceGroups/rg-nginx-setup/providers/Microsoft.Network/networkInterfaces/nic-nginx-1",
            "timeouts": null
          },
          "sensitive_attributes": [],
          "identity_schema_version": 0,
          "private": "eyJlMmJmYjczMC1lY2FhLTExZTYtOGY4OC0zNDM2M2JjN2M0YzAiOnsiY3JlYXRlIjoxODAwMDAwMDAwMDAwLCJkZWxldGUiOjE4MDAwMDAwMDAwMDAsInJlYWQiOjMwMDAwMDAwMDAwMH19",
          "dependencies": [
            "azurerm_lb.nginx_lb",
            "azurerm_lb_backend_address_pool.backend_pool",
            "azurerm_network_interface.nic",
            "azurerm_public_ip.lb_public_ip",
            "azurerm_resource_group.rg",
            "azurerm_subnet.subnet",
            "azurerm_virtual_network.vnet"
          ]
        }
      ]
    },
    {
      "mode": "managed",
      "type": "azurerm_network_interface_nat_rule_association",
      "name": "vm0_nat_assoc",
      "provider": "provider[\"registry.terraform.io/hashicorp/azurerm\"]",
      "instances": [
        {
          "schema_version": 0,
          "attributes": {
            "id": "/subscriptions/720fcde7-a58d-4185-803c-4e3e52f0fe4b/resourceGroups/rg-nginx-setup/providers/Microsoft.Network/networkInterfaces/nic-nginx-0/ipConfigurations/ipconfig1|/subscriptions/720fcde7-a58d-4185-803c-4e3e52f0fe4b/resourceGroups/rg-nginx-setup/providers/Microsoft.Network/loadBalancers/lb-nginx/inboundNatRules/ssh-nat-vm0",
            "ip_configuration_name": "ipconfig1",
            "nat_rule_id": "/subscriptions/720fcde7-a58d-4185-803c-4e3e52f0fe4b/resourceGroups/rg-nginx-setup/providers/Microsoft.Network/loadBalancers/lb-nginx/inboundNatRules/ssh-nat-vm0",
            "network_interface_id": "/subscriptions/720fcde7-a58d-4185-803c-4e3e52f0fe4b/resourceGroups/rg-nginx-setup/providers/Microsoft.Network/networkInterfaces/nic-nginx-0",
            "timeouts": null
          },
          "sensitive_attributes": [],
          "identity_schema_version": 0,
          "private": "eyJlMmJmYjczMC1lY2FhLTExZTYtOGY4OC0zNDM2M2JjN2M0YzAiOnsiY3JlYXRlIjoxODAwMDAwMDAwMDAwLCJkZWxldGUiOjE4MDAwMDAwMDAwMDAsInJlYWQiOjMwMDAwMDAwMDAwMH19",
          "dependencies": [
            "azurerm_lb.nginx_lb",
            "azurerm_lb_nat_rule.ssh_nat_rule_vm0",
            "azurerm_network_interface.nic",
            "azurerm_public_ip.lb_public_ip",
            "azurerm_resource_group.rg",
            "azurerm_subnet.subnet",
            "azurerm_virtual_network.vnet"
          ]
        }
      ]
    },
    {
      "mode": "managed",
      "type": "azurerm_network_interface_nat_rule_association",
      "name": "vm1_nat_assoc",
      "provider": "provider[\"registry.terraform.io/hashicorp/azurerm\"]",
      "instances": [
        {
          "schema_version": 0,
          "attributes": {
            "id": "/subscriptions/720fcde7-a58d-4185-803c-4e3e52f0fe4b/resourceGroups/rg-nginx-setup/providers/Microsoft.Network/networkInterfaces/nic-nginx-1/ipConfigurations/ipconfig1|/subscriptions/720fcde7-a58d-4185-803c-4e3e52f0fe4b/resourceGroups/rg-nginx-setup/providers/Microsoft.Network/loadBalancers/lb-nginx/inboundNatRules/ssh-nat-vm1",
            "ip_configuration_name": "ipconfig1",
            "nat_rule_id": "/subscriptions/720fcde7-a58d-4185-803c-4e3e52f0fe4b/resourceGroups/rg-nginx-setup/providers/Microsoft.Network/loadBalancers/lb-nginx/inboundNatRules/ssh-nat-vm1",
            "network_interface_id": "/subscriptions/720fcde7-a58d-4185-803c-4e3e52f0fe4b/resourceGroups/rg-nginx-setup/providers/Microsoft.Network/networkInterfaces/nic-nginx-1",
            "timeouts": null
          },
          "sensitive_attributes": [],
          "identity_schema_version": 0,
          "private": "eyJlMmJmYjczMC1lY2FhLTExZTYtOGY4OC0zNDM2M2JjN2M0YzAiOnsiY3JlYXRlIjoxODAwMDAwMDAwMDAwLCJkZWxldGUiOjE4MDAwMDAwMDAwMDAsInJlYWQiOjMwMDAwMDAwMDAwMH19",
          "dependencies": [
            "azurerm_lb.nginx_lb",
            "azurerm_lb_nat_rule.ssh_nat_rule_vm1",
            "azurerm_network_interface.nic",
            "azurerm_public_ip.lb_public_ip",
            "azurerm_resource_group.rg",
            "azurerm_subnet.subnet",
            "azurerm_virtual_network.vnet"
          ]
        }
      ]
    },
    {
      "mode": "managed",
      "type": "azurerm_network_interface_security_group_association",
      "name": "nic_nsg_assoc",
      "provider": "provider[\"registry.terraform.io/hashicorp/azurerm\"]",
      "instances": [
        {
          "index_key": 0,
          "schema_version": 0,
          "attributes": {
            "id": "/subscriptions/720fcde7-a58d-4185-803c-4e3e52f0fe4b/resourceGroups/rg-nginx-setup/providers/Microsoft.Network/networkInterfaces/nic-nginx-0|/subscriptions/720fcde7-a58d-4185-803c-4e3e52f0fe4b/resourceGroups/rg-nginx-setup/providers/Microsoft.Network/networkSecurityGroups/nginx-vm-nsg",
            "network_interface_id": "/subscriptions/720fcde7-a58d-4185-803c-4e3e52f0fe4b/resourceGroups/rg-nginx-setup/providers/Microsoft.Network/networkInterfaces/nic-nginx-0",
            "network_security_group_id": "/subscriptions/720fcde7-a58d-4185-803c-4e3e52f0fe4b/resourceGroups/rg-nginx-setup/providers/Microsoft.Network/networkSecurityGroups/nginx-vm-nsg",
            "timeouts": null
          },
          "sensitive_attributes": [],
          "identity_schema_version": 0,
          "private": "eyJlMmJmYjczMC1lY2FhLTExZTYtOGY4OC0zNDM2M2JjN2M0YzAiOnsiY3JlYXRlIjoxODAwMDAwMDAwMDAwLCJkZWxldGUiOjE4MDAwMDAwMDAwMDAsInJlYWQiOjMwMDAwMDAwMDAwMH19",
          "dependencies": [
            "azurerm_network_interface.nic",
            "azurerm_network_security_group.nginx_nsg",
            "azurerm_resource_group.rg",
            "azurerm_subnet.subnet",
            "azurerm_virtual_network.vnet"
          ]
        },
        {
          "index_key": 1,
          "schema_version": 0,
          "attributes": {
            "id": "/subscriptions/720fcde7-a58d-4185-803c-4e3e52f0fe4b/resourceGroups/rg-nginx-setup/providers/Microsoft.Network/networkInterfaces/nic-nginx-1|/subscriptions/720fcde7-a58d-4185-803c-4e3e52f0fe4b/resourceGroups/rg-nginx-setup/providers/Microsoft.Network/networkSecurityGroups/nginx-vm-nsg",
            "network_interface_id": "/subscriptions/720fcde7-a58d-4185-803c-4e3e52f0fe4b/resourceGroups/rg-nginx-setup/providers/Microsoft.Network/networkInterfaces/nic-nginx-1",
            "network_security_group_id": "/subscriptions/720fcde7-a58d-4185-803c-4e3e52f0fe4b/resourceGroups/rg-nginx-setup/providers/Microsoft.Network/networkSecurityGroups/nginx-vm-nsg",
            "timeouts": null
          },
          "sensitive_attributes": [],
          "identity_schema_version": 0,
          "private": "eyJlMmJmYjczMC1lY2FhLTExZTYtOGY4OC0zNDM2M2JjN2M0YzAiOnsiY3JlYXRlIjoxODAwMDAwMDAwMDAwLCJkZWxldGUiOjE4MDAwMDAwMDAwMDAsInJlYWQiOjMwMDAwMDAwMDAwMH19",
          "dependencies": [
            "azurerm_network_interface.nic",
            "azurerm_network_security_group.nginx_nsg",
            "azurerm_resource_group.rg",
            "azurerm_subnet.subnet",
            "azurerm_virtual_network.vnet"
          ]
        }
      ]
    },
    {
      "mode": "managed",
      "type": "azurerm_network_security_group",
      "name": "nginx_nsg",
      "provider": "provider[\"registry.terraform.io/hashicorp/azurerm\"]",
      "instances": [
        {
          "schema_version": 0,
          "attributes": {
            "id": "/subscriptions/720fcde7-a58d-4185-803c-4e3e52f0fe4b/resourceGroups/rg-nginx-setup/providers/Microsoft.Network/networkSecurityGroups/nginx-vm-nsg",
            "location": "eastus",
            "name": "nginx-vm-nsg",
            "resource_group_name": "rg-nginx-setup",
            "security_rule": [
              {
                "access": "Allow",
                "description": "",
                "destination_address_prefix": "*",
                "destination_address_prefixes": [],
                "destination_application_security_group_ids": [],
                "destination_port_range": "22",
                "destination_port_ranges": [],
                "direction": "Inbound",
                "name": "Allow-SSH",
                "priority": 1001,
                "protocol": "Tcp",
                "source_address_prefix": "*",
                "source_address_prefixes": [],
                "source_application_security_group_ids": [],
                "source_port_range": "*",
                "source_port_ranges": []
              },
              {
                "access": "Allow",
                "description": "",
                "destination_address_prefix": "*",
                "destination_address_prefixes": [],
                "destination_application_security_group_ids": [],
                "destination_port_range": "443",
                "destination_port_ranges": [],
                "direction": "Inbound",
                "name": "Allow-HTTPS",
                "priority": 1003,
                "protocol": "Tcp",
                "source_address_prefix": "*",
                "source_address_prefixes": [],
                "source_application_security_group_ids": [],
                "source_port_range": "*",
                "source_port_ranges": []
              },
              {
                "access": "Allow",
                "description": "",
                "destination_address_prefix": "*",
                "destination_address_prefixes": [],
                "destination_application_security_group_ids": [],
                "destination_port_range": "80",
                "destination_port_ranges": [],
                "direction": "Inbound",
                "name": "Allow-HTTP",
                "priority": 1002,
                "protocol": "Tcp",
                "source_address_prefix": "*",
                "source_address_prefixes": [],
                "source_application_security_group_ids": [],
                "source_port_range": "*",
                "source_port_ranges": []
              }
            ],
            "tags": null,
            "timeouts": null
          },
          "sensitive_attributes": [],
          "identity_schema_version": 0,
          "private": "eyJlMmJmYjczMC1lY2FhLTExZTYtOGY4OC0zNDM2M2JjN2M0YzAiOnsiY3JlYXRlIjoxODAwMDAwMDAwMDAwLCJkZWxldGUiOjE4MDAwMDAwMDAwMDAsInJlYWQiOjMwMDAwMDAwMDAwMCwidXBkYXRlIjoxODAwMDAwMDAwMDAwfX0=",
          "dependencies": [
            "azurerm_resource_group.rg"
          ]
        }
      ]
    },
    {
      "mode": "managed",
      "type": "azurerm_public_ip",
      "name": "lb_public_ip",
      "provider": "provider[\"registry.terraform.io/hashicorp/azurerm\"]",
      "instances": [
        {
          "schema_version": 0,
          "attributes": {
            "allocation_method": "Static",
            "ddos_protection_mode": "VirtualNetworkInherited",
            "ddos_protection_plan_id": null,
            "domain_name_label": null,
            "edge_zone": "",
            "fqdn": null,
            "id": "/subscriptions/720fcde7-a58d-4185-803c-4e3e52f0fe4b/resourceGroups/rg-nginx-setup/providers/Microsoft.Network/publicIPAddresses/lb-public-ip",
            "idle_timeout_in_minutes": 4,
            "ip_address": "52.234.138.162",
            "ip_tags": null,
            "ip_version": "IPv4",
            "location": "eastus",
            "name": "lb-public-ip",
            "public_ip_prefix_id": null,
            "resource_group_name": "rg-nginx-setup",
            "reverse_fqdn": null,
            "sku": "Basic",
            "sku_tier": "Regional",
            "tags": null,
            "timeouts": null,
            "zones": null
          },
          "sensitive_attributes": [],
          "identity_schema_version": 0,
          "private": "eyJlMmJmYjczMC1lY2FhLTExZTYtOGY4OC0zNDM2M2JjN2M0YzAiOnsiY3JlYXRlIjoxODAwMDAwMDAwMDAwLCJkZWxldGUiOjE4MDAwMDAwMDAwMDAsInJlYWQiOjMwMDAwMDAwMDAwMCwidXBkYXRlIjoxODAwMDAwMDAwMDAwfX0=",
          "dependencies": [
            "azurerm_resource_group.rg"
          ]
        }
      ]
    },
    {
      "mode": "managed",
      "type": "azurerm_resource_group",
      "name": "rg",
      "provider": "provider[\"registry.terraform.io/hashicorp/azurerm\"]",
      "instances": [
        {
          "schema_version": 0,
          "attributes": {
            "id": "/subscriptions/720fcde7-a58d-4185-803c-4e3e52f0fe4b/resourceGroups/rg-nginx-setup",
            "location": "eastus",
            "managed_by": "",
            "name": "rg-nginx-setup",
            "tags": null,
            "timeouts": null
          },
          "sensitive_attributes": [],
          "identity_schema_version": 0,
          "private": "eyJlMmJmYjczMC1lY2FhLTExZTYtOGY4OC0zNDM2M2JjN2M0YzAiOnsiY3JlYXRlIjo1NDAwMDAwMDAwMDAwLCJkZWxldGUiOjU0MDAwMDAwMDAwMDAsInJlYWQiOjMwMDAwMDAwMDAwMCwidXBkYXRlIjo1NDAwMDAwMDAwMDAwfX0="
        }
      ]
    },
    {
      "mode": "managed",
      "type": "azurerm_subnet",
      "name": "subnet",
      "provider": "provider[\"registry.terraform.io/hashicorp/azurerm\"]",
      "instances": [
        {
          "schema_version": 0,
          "attributes": {
            "address_prefixes": [
              "10.0.1.0/24"
            ],
            "default_outbound_access_enabled": true,
            "delegation": [],
            "enforce_private_link_endpoint_network_policies": false,
            "enforce_private_link_service_network_policies": false,
            "id": "/subscriptions/720fcde7-a58d-4185-803c-4e3e52f0fe4b/resourceGroups/rg-nginx-setup/providers/Microsoft.Network/virtualNetworks/vnet-nginx/subnets/subnet-nginx",
            "name": "subnet-nginx",
            "private_endpoint_network_policies": "Enabled",
            "private_endpoint_network_policies_enabled": true,
            "private_link_service_network_policies_enabled": true,
            "resource_group_name": "rg-nginx-setup",
            "service_endpoint_policy_ids": null,
            "service_endpoints": null,
            "timeouts": null,
            "virtual_network_name": "vnet-nginx"
          },
          "sensitive_attributes": [],
          "identity_schema_version": 0,
          "private": "eyJlMmJmYjczMC1lY2FhLTExZTYtOGY4OC0zNDM2M2JjN2M0YzAiOnsiY3JlYXRlIjoxODAwMDAwMDAwMDAwLCJkZWxldGUiOjE4MDAwMDAwMDAwMDAsInJlYWQiOjMwMDAwMDAwMDAwMCwidXBkYXRlIjoxODAwMDAwMDAwMDAwfX0=",
          "dependencies": [
            "azurerm_resource_group.rg",
            "azurerm_virtual_network.vnet"
          ]
        }
      ]
    },
    {
      "mode": "managed",
      "type": "azurerm_virtual_network",
      "name": "vnet",
      "provider": "provider[\"registry.terraform.io/hashicorp/azurerm\"]",
      "instances": [
        {
          "schema_version": 0,
          "attributes": {
            "address_space": [
              "10.0.0.0/16"
            ],
            "bgp_community": "",
            "ddos_protection_plan": [],
            "dns_servers": [],
            "edge_zone": "",
            "encryption": [],
            "flow_timeout_in_minutes": 0,
            "guid": "037366cd-06ca-4134-9f28-9b88639f4bd2",
            "id": "/subscriptions/720fcde7-a58d-4185-803c-4e3e52f0fe4b/resourceGroups/rg-nginx-setup/providers/Microsoft.Network/virtualNetworks/vnet-nginx",
            "location": "eastus",
            "name": "vnet-nginx",
            "resource_group_name": "rg-nginx-setup",
            "subnet": [],
            "tags": null,
            "timeouts": null
          },
          "sensitive_attributes": [],
          "identity_schema_version": 0,
          "private": "eyJlMmJmYjczMC1lY2FhLTExZTYtOGY4OC0zNDM2M2JjN2M0YzAiOnsiY3JlYXRlIjoxODAwMDAwMDAwMDAwLCJkZWxldGUiOjE4MDAwMDAwMDAwMDAsInJlYWQiOjMwMDAwMDAwMDAwMCwidXBkYXRlIjoxODAwMDAwMDAwMDAwfX0=",
          "dependencies": [
            "azurerm_resource_group.rg"
          ]
        }
      ]
    }
  ],
  "check_results": null
}
